
Microsoft Visual Studio Solution File, Format Version 12.00
# Visual Studio Version 17
VisualStudioVersion = 17.10.35013.160
MinimumVisualStudioVersion = 10.0.40219.1
Project("{FAE04EC0-301F-11D3-BF4B-00C04F79EFBC}") = "task_4", "task_4\task_4.csproj", "{7EBCB326-4B6F-461F-8F29-03E8A7659658}"
EndProject
Project("{FAE04EC0-301F-11D3-BF4B-00C04F79EFBC}") = "task_5", "task_5\task_5.csproj", "{634FE933-A7D7-47CA-B49C-79D5E1866B5A}"
EndProject
Global
	GlobalSection(SolutionConfigurationPlatforms) = preSolution
		Debug|Any CPU = Debug|Any CPU
		Release|Any CPU = Release|Any CPU
	EndGlobalSection
	GlobalSection(ProjectConfigurationPlatforms) = postSolution
		{7EBCB326-4B6F-461F-8F29-03E8A7659658}.Debug|Any CPU.ActiveCfg = Debug|Any CPU
		{7EBCB326-4B6F-461F-8F29-03E8A7659658}.Debug|Any CPU.Build.0 = Debug|Any CPU
		{7EBCB326-4B6F-461F-8F29-03E8A7659658}.Release|Any CPU.ActiveCfg = Release|Any CPU
		{7EBCB326-4B6F-461F-8F29-03E8A7659658}.Release|Any CPU.Build.0 = Release|Any CPU
		{634FE933-A7D7-47CA-B49C-79D5E1866B5A}.Debug|Any CPU.ActiveCfg = Debug|Any CPU
		{634FE933-A7D7-47CA-B49C-79D5E1866B5A}.Debug|Any CPU.Build.0 = Debug|Any CPU
		{634FE933-A7D7-47CA-B49C-79D5E1866B5A}.Release|Any CPU.ActiveCfg = Release|Any CPU
		{634FE933-A7D7-47CA-B49C-79D5E1866B5A}.Release|Any CPU.Build.0 = Release|Any CPU
	EndGlobalSection
	GlobalSection(SolutionProperties) = preSolution
		HideSolutionNode = FALSE
	EndGlobalSection
	GlobalSection(ExtensibilityGlobals) = postSolution
		SolutionGuid = {0E757AEA-2A8B-42C6-9373-FDB92954429A}
	EndGlobalSection
EndGlobal
